
Microsoft Visual Studio Solution File, Format Version 12.00
# Visual Studio Version 17
VisualStudioVersion = 17.7.34031.279
MinimumVisualStudioVersion = 10.0.40219.1
Project("{2150E333-8FDC-42A3-9474-1A3956D46DE8}") = "src", "src", "{D1E0EDE2-258E-41F9-AF6D-C0086A5CE236}"
EndProject
Project("{2150E333-8FDC-42A3-9474-1A3956D46DE8}") = "test", "test", "{C2262C36-3D29-4FC3-BA06-08FC8A926FAE}"
EndProject
Project("{2150E333-8FDC-42A3-9474-1A3956D46DE8}") = "Frontends", "Frontends", "{AAF30EC8-EAFD-4E30-A066-885952C27A9D}"
EndProject
Project("{2150E333-8FDC-42A3-9474-1A3956D46DE8}") = "Gateway", "Gateway", "{658B3434-C3B2-4234-9B98-5AF2CF009C16}"
EndProject
Project("{2150E333-8FDC-42A3-9474-1A3956D46DE8}") = "Services", "Services", "{51AFF455-80EA-4514-B047-05D58B31C234}"
EndProject
Project("{2150E333-8FDC-42A3-9474-1A3956D46DE8}") = "Desktop", "Desktop", "{B7D7B2CC-71E2-4869-9DE5-B151439A11EE}"
EndProject
Project("{2150E333-8FDC-42A3-9474-1A3956D46DE8}") = "Mobile", "Mobile", "{F59CC549-D068-4FCA-8FE8-2839DA403C55}"
EndProject
Project("{2150E333-8FDC-42A3-9474-1A3956D46DE8}") = "Web", "Web", "{77379EE5-EC3B-4836-B383-F38D8EC61249}"
EndProject
Project("{9A19103F-16F7-4668-BE54-9A1E7A4F7556}") = "ViewerData_MAUI_APP", "src\Frontends\Desktop\ViewerData_MAUI_APP\ViewerData_MAUI_APP.csproj", "{CBAF7AAB-14B3-4A2B-AA1C-D6B35DF49121}"
EndProject
Project("{9A19103F-16F7-4668-BE54-9A1E7A4F7556}") = "ViewerData_WPF_APP", "src\Frontends\Desktop\ViewerData_WPF_APP\ViewerData_WPF_APP.csproj", "{A7C24A1A-C195-44E7-B874-D8CE7A8126ED}"
EndProject
Project("{9A19103F-16F7-4668-BE54-9A1E7A4F7556}") = "HH_ASP_APP", "src\Frontends\Web\HH_ASP_APP\HH_ASP_APP.csproj", "{65D30D0A-E02B-4BDB-B410-F2579EED76DF}"
EndProject
Project("{9A19103F-16F7-4668-BE54-9A1E7A4F7556}") = "API_Gateway", "src\Getway\API_Gateway\API_Gateway.csproj", "{23A4693E-A8CF-489A-96AA-790CAEA014F8}"
EndProject
Project("{2150E333-8FDC-42A3-9474-1A3956D46DE8}") = "Identity", "Identity", "{C67A4E14-1661-4094-A516-D34375501C41}"
EndProject
Project("{2150E333-8FDC-42A3-9474-1A3956D46DE8}") = "Operation", "Operation", "{E3F5A2EF-7295-4359-9AC7-3CC2D9E70573}"
EndProject
Project("{9A19103F-16F7-4668-BE54-9A1E7A4F7556}") = "API_Identity", "src\Services\Identity\API_Identity\API_Identity.csproj", "{82D41338-AE14-4231-B6BE-91B30B815377}"
EndProject
Project("{9A19103F-16F7-4668-BE54-9A1E7A4F7556}") = "OperationAPI", "src\Services\Operation\OperationAPI\OperationAPI.csproj", "{2EA801EA-BA6C-42A7-80C4-98A48D3576A0}"
EndProject
Project("{9A19103F-16F7-4668-BE54-9A1E7A4F7556}") = "OperationAPIOperationAPI_Test", "test\OperationAPIOperationAPI_Test\OperationAPIOperationAPI_Test.csproj", "{D8E1B3DB-3404-48E4-A481-4B2D1FC66DBA}"
EndProject
Global
	GlobalSection(SolutionConfigurationPlatforms) = preSolution
		Debug|Any CPU = Debug|Any CPU
		Release|Any CPU = Release|Any CPU
	EndGlobalSection
	GlobalSection(ProjectConfigurationPlatforms) = postSolution
		{CBAF7AAB-14B3-4A2B-AA1C-D6B35DF49121}.Debug|Any CPU.ActiveCfg = Debug|Any CPU
		{CBAF7AAB-14B3-4A2B-AA1C-D6B35DF49121}.Debug|Any CPU.Build.0 = Debug|Any CPU
		{CBAF7AAB-14B3-4A2B-AA1C-D6B35DF49121}.Debug|Any CPU.Deploy.0 = Debug|Any CPU
		{CBAF7AAB-14B3-4A2B-AA1C-D6B35DF49121}.Release|Any CPU.ActiveCfg = Release|Any CPU
		{CBAF7AAB-14B3-4A2B-AA1C-D6B35DF49121}.Release|Any CPU.Build.0 = Release|Any CPU
		{CBAF7AAB-14B3-4A2B-AA1C-D6B35DF49121}.Release|Any CPU.Deploy.0 = Release|Any CPU
		{A7C24A1A-C195-44E7-B874-D8CE7A8126ED}.Debug|Any CPU.ActiveCfg = Debug|Any CPU
		{A7C24A1A-C195-44E7-B874-D8CE7A8126ED}.Debug|Any CPU.Build.0 = Debug|Any CPU
		{A7C24A1A-C195-44E7-B874-D8CE7A8126ED}.Release|Any CPU.ActiveCfg = Release|Any CPU
		{A7C24A1A-C195-44E7-B874-D8CE7A8126ED}.Release|Any CPU.Build.0 = Release|Any CPU
		{65D30D0A-E02B-4BDB-B410-F2579EED76DF}.Debug|Any CPU.ActiveCfg = Debug|Any CPU
		{65D30D0A-E02B-4BDB-B410-F2579EED76DF}.Debug|Any CPU.Build.0 = Debug|Any CPU
		{65D30D0A-E02B-4BDB-B410-F2579EED76DF}.Release|Any CPU.ActiveCfg = Release|Any CPU
		{65D30D0A-E02B-4BDB-B410-F2579EED76DF}.Release|Any CPU.Build.0 = Release|Any CPU
		{23A4693E-A8CF-489A-96AA-790CAEA014F8}.Debug|Any CPU.ActiveCfg = Debug|Any CPU
		{23A4693E-A8CF-489A-96AA-790CAEA014F8}.Debug|Any CPU.Build.0 = Debug|Any CPU
		{23A4693E-A8CF-489A-96AA-790CAEA014F8}.Release|Any CPU.ActiveCfg = Release|Any CPU
		{23A4693E-A8CF-489A-96AA-790CAEA014F8}.Release|Any CPU.Build.0 = Release|Any CPU
		{82D41338-AE14-4231-B6BE-91B30B815377}.Debug|Any CPU.ActiveCfg = Debug|Any CPU
		{82D41338-AE14-4231-B6BE-91B30B815377}.Debug|Any CPU.Build.0 = Debug|Any CPU
		{82D41338-AE14-4231-B6BE-91B30B815377}.Release|Any CPU.ActiveCfg = Release|Any CPU
		{82D41338-AE14-4231-B6BE-91B30B815377}.Release|Any CPU.Build.0 = Release|Any CPU
		{2EA801EA-BA6C-42A7-80C4-98A48D3576A0}.Debug|Any CPU.ActiveCfg = Debug|Any CPU
		{2EA801EA-BA6C-42A7-80C4-98A48D3576A0}.Debug|Any CPU.Build.0 = Debug|Any CPU
		{2EA801EA-BA6C-42A7-80C4-98A48D3576A0}.Release|Any CPU.ActiveCfg = Release|Any CPU
		{2EA801EA-BA6C-42A7-80C4-98A48D3576A0}.Release|Any CPU.Build.0 = Release|Any CPU
		{D8E1B3DB-3404-48E4-A481-4B2D1FC66DBA}.Debug|Any CPU.ActiveCfg = Debug|Any CPU
		{D8E1B3DB-3404-48E4-A481-4B2D1FC66DBA}.Debug|Any CPU.Build.0 = Debug|Any CPU
		{D8E1B3DB-3404-48E4-A481-4B2D1FC66DBA}.Release|Any CPU.ActiveCfg = Release|Any CPU
		{D8E1B3DB-3404-48E4-A481-4B2D1FC66DBA}.Release|Any CPU.Build.0 = Release|Any CPU
	EndGlobalSection
	GlobalSection(SolutionProperties) = preSolution
		HideSolutionNode = FALSE
	EndGlobalSection
	GlobalSection(NestedProjects) = preSolution
		{AAF30EC8-EAFD-4E30-A066-885952C27A9D} = {D1E0EDE2-258E-41F9-AF6D-C0086A5CE236}
		{658B3434-C3B2-4234-9B98-5AF2CF009C16} = {D1E0EDE2-258E-41F9-AF6D-C0086A5CE236}
		{51AFF455-80EA-4514-B047-05D58B31C234} = {D1E0EDE2-258E-41F9-AF6D-C0086A5CE236}
		{B7D7B2CC-71E2-4869-9DE5-B151439A11EE} = {AAF30EC8-EAFD-4E30-A066-885952C27A9D}
		{F59CC549-D068-4FCA-8FE8-2839DA403C55} = {AAF30EC8-EAFD-4E30-A066-885952C27A9D}
		{77379EE5-EC3B-4836-B383-F38D8EC61249} = {AAF30EC8-EAFD-4E30-A066-885952C27A9D}
		{CBAF7AAB-14B3-4A2B-AA1C-D6B35DF49121} = {B7D7B2CC-71E2-4869-9DE5-B151439A11EE}
		{A7C24A1A-C195-44E7-B874-D8CE7A8126ED} = {B7D7B2CC-71E2-4869-9DE5-B151439A11EE}
		{65D30D0A-E02B-4BDB-B410-F2579EED76DF} = {77379EE5-EC3B-4836-B383-F38D8EC61249}
		{23A4693E-A8CF-489A-96AA-790CAEA014F8} = {658B3434-C3B2-4234-9B98-5AF2CF009C16}
		{C67A4E14-1661-4094-A516-D34375501C41} = {51AFF455-80EA-4514-B047-05D58B31C234}
		{E3F5A2EF-7295-4359-9AC7-3CC2D9E70573} = {51AFF455-80EA-4514-B047-05D58B31C234}
		{82D41338-AE14-4231-B6BE-91B30B815377} = {C67A4E14-1661-4094-A516-D34375501C41}
		{2EA801EA-BA6C-42A7-80C4-98A48D3576A0} = {E3F5A2EF-7295-4359-9AC7-3CC2D9E70573}
		{D8E1B3DB-3404-48E4-A481-4B2D1FC66DBA} = {C2262C36-3D29-4FC3-BA06-08FC8A926FAE}
	EndGlobalSection
	GlobalSection(ExtensibilityGlobals) = postSolution
		SolutionGuid = {BB08503F-91D3-402A-B4EF-7DD99B482135}
	EndGlobalSection
EndGlobal
