
Microsoft Visual Studio Solution File, Format Version 12.00
# Visual Studio Version 17
VisualStudioVersion = 17.7.34031.279
MinimumVisualStudioVersion = 10.0.40219.1
Project("{2150E333-8FDC-42A3-9474-1A3956D46DE8}") = "src", "src", "{D1E0EDE2-258E-41F9-AF6D-C0086A5CE236}"
EndProject
Project("{2150E333-8FDC-42A3-9474-1A3956D46DE8}") = "test", "test", "{C2262C36-3D29-4FC3-BA06-08FC8A926FAE}"
EndProject
Project("{2150E333-8FDC-42A3-9474-1A3956D46DE8}") = "Frontends", "Frontends", "{AAF30EC8-EAFD-4E30-A066-885952C27A9D}"
EndProject
Project("{2150E333-8FDC-42A3-9474-1A3956D46DE8}") = "Gateway", "Gateway", "{658B3434-C3B2-4234-9B98-5AF2CF009C16}"
EndProject
Project("{2150E333-8FDC-42A3-9474-1A3956D46DE8}") = "Services", "Services", "{51AFF455-80EA-4514-B047-05D58B31C234}"
EndProject
Project("{2150E333-8FDC-42A3-9474-1A3956D46DE8}") = "Desktop", "Desktop", "{B7D7B2CC-71E2-4869-9DE5-B151439A11EE}"
EndProject
Project("{2150E333-8FDC-42A3-9474-1A3956D46DE8}") = "Mobile", "Mobile", "{F59CC549-D068-4FCA-8FE8-2839DA403C55}"
EndProject
Project("{2150E333-8FDC-42A3-9474-1A3956D46DE8}") = "Web", "Web", "{77379EE5-EC3B-4836-B383-F38D8EC61249}"
EndProject
Project("{9A19103F-16F7-4668-BE54-9A1E7A4F7556}") = "ViewerData_MAUI_APP", "src\Frontends\Desktop\ViewerData_MAUI_APP\ViewerData_MAUI_APP.csproj", "{CBAF7AAB-14B3-4A2B-AA1C-D6B35DF49121}"
EndProject
Project("{9A19103F-16F7-4668-BE54-9A1E7A4F7556}") = "ViewerData_WPF_APP", "src\Frontends\Desktop\ViewerData_WPF_APP\ViewerData_WPF_APP.csproj", "{A7C24A1A-C195-44E7-B874-D8CE7A8126ED}"
EndProject
Project("{9A19103F-16F7-4668-BE54-9A1E7A4F7556}") = "API_Gateway", "src\Getway\API_Gateway\API_Gateway.csproj", "{23A4693E-A8CF-489A-96AA-790CAEA014F8}"
EndProject
Project("{2150E333-8FDC-42A3-9474-1A3956D46DE8}") = "Identity", "Identity", "{C67A4E14-1661-4094-A516-D34375501C41}"
EndProject
Project("{2150E333-8FDC-42A3-9474-1A3956D46DE8}") = "Operation", "Operation", "{E3F5A2EF-7295-4359-9AC7-3CC2D9E70573}"
EndProject
Project("{9A19103F-16F7-4668-BE54-9A1E7A4F7556}") = "Identity.API", "src\Services\Identity\API_Identity\Identity.API.csproj", "{82D41338-AE14-4231-B6BE-91B30B815377}"
EndProject
Project("{9A19103F-16F7-4668-BE54-9A1E7A4F7556}") = "Operation.API", "src\Services\Operation\OperationAPI\Operation.API.csproj", "{2EA801EA-BA6C-42A7-80C4-98A48D3576A0}"
EndProject
Project("{9A19103F-16F7-4668-BE54-9A1E7A4F7556}") = "OperationAPIOperationAPI_Test", "test\OperationAPIOperationAPI_Test\OperationAPIOperationAPI_Test.csproj", "{D8E1B3DB-3404-48E4-A481-4B2D1FC66DBA}"
EndProject
Project("{9A19103F-16F7-4668-BE54-9A1E7A4F7556}") = "Identity.Application", "src\Services\Identity\Identity.Application\Identity.Application.csproj", "{0E2E8987-B831-45FF-9F46-78E1344F6F5B}"
EndProject
Project("{9A19103F-16F7-4668-BE54-9A1E7A4F7556}") = "Identity.Infrastructure", "src\Services\Identity\Identity.Infrastructure\Identity.Infrastructure.csproj", "{C57CB4AD-CE9B-4DBB-B262-E8368E82A574}"
EndProject
Project("{9A19103F-16F7-4668-BE54-9A1E7A4F7556}") = "Operation.Domain", "src\Services\Operation\Operation.Domain\Operation.Domain.csproj", "{37FD6FEA-5BBF-4C1B-AF33-9915563FC929}"
EndProject
Project("{9A19103F-16F7-4668-BE54-9A1E7A4F7556}") = "Operation.Application", "src\Services\Operation\Operation.Application\Operation.Application.csproj", "{60F33EE4-D0EB-490F-B91A-E39E71D5712A}"
EndProject
Project("{9A19103F-16F7-4668-BE54-9A1E7A4F7556}") = "Operation.Infrastructure", "src\Services\Operation\Operation.Infrastructure\Operation.Infrastructure.csproj", "{E9DD3745-11BE-408C-8D84-33FC324D41C8}"
EndProject
Project("{9A19103F-16F7-4668-BE54-9A1E7A4F7556}") = "Operation.Persistence", "src\Services\Operation\Operation.Presentation\Operation.Persistence.csproj", "{9BF7CB58-14A3-41E5-9D00-9AE33A1A2E16}"
EndProject
Project("{9A19103F-16F7-4668-BE54-9A1E7A4F7556}") = "Operation.Shared", "src\Services\Operation\Operation.Shared\Operation.Shared.csproj", "{51F14BC2-A908-41F5-B2F2-70486608BC30}"
EndProject
Project("{9A19103F-16F7-4668-BE54-9A1E7A4F7556}") = "Application", "src\Frontends\Web\Application\Application.csproj", "{476E85D0-991C-4CD6-974A-E86655129508}"
EndProject
Project("{9A19103F-16F7-4668-BE54-9A1E7A4F7556}") = "Client", "src\Frontends\Web\Client\Client.csproj", "{F842E7C0-82DC-40A9-A8D9-5438F2D13526}"
EndProject
Project("{9A19103F-16F7-4668-BE54-9A1E7A4F7556}") = "Server", "src\Frontends\Web\Server\Server.csproj", "{B239C23D-F4BB-413E-A019-A2BA64F01F56}"
EndProject
Project("{9A19103F-16F7-4668-BE54-9A1E7A4F7556}") = "Shared", "src\Frontends\Web\Shared\Shared.csproj", "{D8BE7EA5-ECD1-4B77-92B9-B3B1DC4DBDD4}"
EndProject
Project("{9A19103F-16F7-4668-BE54-9A1E7A4F7556}") = "Identity.Shared", "src\Services\Identity\Identity.Shared\Identity.Shared.csproj", "{36E94EAF-9525-49F0-A79C-2C369F85A81D}"
EndProject
Project("{2150E333-8FDC-42A3-9474-1A3956D46DE8}") = "Document", "Document", "{06A10D4B-5A1B-4878-B4A6-C00B436DFB4E}"
EndProject
Project("{9A19103F-16F7-4668-BE54-9A1E7A4F7556}") = "Document.API", "src\Services\Document\Document.API\Document.API.csproj", "{F91AC726-FDF1-47B5-994B-FF21C0EDAAFD}"
EndProject
Project("{9A19103F-16F7-4668-BE54-9A1E7A4F7556}") = "Document.Application", "src\Services\Document\Document.Application\Document.Application.csproj", "{DEB20CF2-BA25-4D48-8218-C11A6059F230}"
EndProject
Project("{9A19103F-16F7-4668-BE54-9A1E7A4F7556}") = "Document.Infrastucture", "src\Services\Document\Document.Infrastucture\Document.Infrastucture.csproj", "{B3EFBD58-AAF4-41BE-AD08-53A232715713}"
EndProject
Project("{9A19103F-16F7-4668-BE54-9A1E7A4F7556}") = "Document.Persistence", "src\Services\Document\Document.Persistence\Document.Persistence.csproj", "{AD16E1F1-25C6-4A5A-B660-6F34125C00F0}"
EndProject
Project("{9A19103F-16F7-4668-BE54-9A1E7A4F7556}") = "Document.Domain", "src\Services\Document\Document.Domain\Document.Domain.csproj", "{04C41E6B-9181-4EC6-849C-CC60D2010F24}"
EndProject
Project("{9A19103F-16F7-4668-BE54-9A1E7A4F7556}") = "Document.Shared", "src\Services\Document\Document.Shared\Document.Shared.csproj", "{710BD808-9AE3-4A7F-AEA7-5A7A3DADAEFC}"
EndProject
Project("{2150E333-8FDC-42A3-9474-1A3956D46DE8}") = "Product", "Product", "{A3272108-C371-4244-87A5-E3283057341F}"
EndProject
Project("{9A19103F-16F7-4668-BE54-9A1E7A4F7556}") = "Product.Api", "src\Services\Product\Product.Api\Product.Api.csproj", "{8BC0F002-2061-48C6-9614-26E6CE599664}"
EndProject
Project("{9A19103F-16F7-4668-BE54-9A1E7A4F7556}") = "Product.Application", "src\Services\Product\Product.Application\Product.Application.csproj", "{F264929F-564C-48EC-B6C3-9A4A95432C18}"
EndProject
Project("{9A19103F-16F7-4668-BE54-9A1E7A4F7556}") = "Product.Domain", "src\Services\Product\Product.Domain\Product.Domain.csproj", "{FF4049CC-E1F7-4DAA-8315-1D75924848F7}"
EndProject
Project("{9A19103F-16F7-4668-BE54-9A1E7A4F7556}") = "Product.Infrastucture", "src\Services\Product\Product.Infrastucture\Product.Infrastucture.csproj", "{237DB442-93AA-4B78-A8D3-32E1363D7792}"
EndProject
Project("{9A19103F-16F7-4668-BE54-9A1E7A4F7556}") = "Product.Persistence", "src\Services\Product\Product.Persistence\Product.Persistence.csproj", "{1528C2A6-86FC-4E11-878D-FA949D0D384A}"
EndProject
Project("{9A19103F-16F7-4668-BE54-9A1E7A4F7556}") = "Product.Shared", "src\Services\Product\Product.Shared\Product.Shared.csproj", "{547B4429-B24D-4450-AB19-E4A09C5F65B5}"
EndProject
Project("{9A19103F-16F7-4668-BE54-9A1E7A4F7556}") = "Infrastructure", "src\Frontends\Web\Infrastructure\Infrastructure.csproj", "{C386EF02-EF02-4442-8A68-931AAE3FF71D}"
EndProject
Global
	GlobalSection(SolutionConfigurationPlatforms) = preSolution
		Debug|Any CPU = Debug|Any CPU
		Release|Any CPU = Release|Any CPU
	EndGlobalSection
	GlobalSection(ProjectConfigurationPlatforms) = postSolution
		{CBAF7AAB-14B3-4A2B-AA1C-D6B35DF49121}.Debug|Any CPU.ActiveCfg = Debug|Any CPU
		{CBAF7AAB-14B3-4A2B-AA1C-D6B35DF49121}.Debug|Any CPU.Build.0 = Debug|Any CPU
		{CBAF7AAB-14B3-4A2B-AA1C-D6B35DF49121}.Debug|Any CPU.Deploy.0 = Debug|Any CPU
		{CBAF7AAB-14B3-4A2B-AA1C-D6B35DF49121}.Release|Any CPU.ActiveCfg = Release|Any CPU
		{CBAF7AAB-14B3-4A2B-AA1C-D6B35DF49121}.Release|Any CPU.Build.0 = Release|Any CPU
		{CBAF7AAB-14B3-4A2B-AA1C-D6B35DF49121}.Release|Any CPU.Deploy.0 = Release|Any CPU
		{A7C24A1A-C195-44E7-B874-D8CE7A8126ED}.Debug|Any CPU.ActiveCfg = Debug|Any CPU
		{A7C24A1A-C195-44E7-B874-D8CE7A8126ED}.Debug|Any CPU.Build.0 = Debug|Any CPU
		{A7C24A1A-C195-44E7-B874-D8CE7A8126ED}.Release|Any CPU.ActiveCfg = Release|Any CPU
		{A7C24A1A-C195-44E7-B874-D8CE7A8126ED}.Release|Any CPU.Build.0 = Release|Any CPU
		{23A4693E-A8CF-489A-96AA-790CAEA014F8}.Debug|Any CPU.ActiveCfg = Debug|Any CPU
		{23A4693E-A8CF-489A-96AA-790CAEA014F8}.Debug|Any CPU.Build.0 = Debug|Any CPU
		{23A4693E-A8CF-489A-96AA-790CAEA014F8}.Release|Any CPU.ActiveCfg = Release|Any CPU
		{23A4693E-A8CF-489A-96AA-790CAEA014F8}.Release|Any CPU.Build.0 = Release|Any CPU
		{82D41338-AE14-4231-B6BE-91B30B815377}.Debug|Any CPU.ActiveCfg = Debug|Any CPU
		{82D41338-AE14-4231-B6BE-91B30B815377}.Debug|Any CPU.Build.0 = Debug|Any CPU
		{82D41338-AE14-4231-B6BE-91B30B815377}.Release|Any CPU.ActiveCfg = Release|Any CPU
		{82D41338-AE14-4231-B6BE-91B30B815377}.Release|Any CPU.Build.0 = Release|Any CPU
		{2EA801EA-BA6C-42A7-80C4-98A48D3576A0}.Debug|Any CPU.ActiveCfg = Debug|Any CPU
		{2EA801EA-BA6C-42A7-80C4-98A48D3576A0}.Debug|Any CPU.Build.0 = Debug|Any CPU
		{2EA801EA-BA6C-42A7-80C4-98A48D3576A0}.Release|Any CPU.ActiveCfg = Release|Any CPU
		{2EA801EA-BA6C-42A7-80C4-98A48D3576A0}.Release|Any CPU.Build.0 = Release|Any CPU
		{D8E1B3DB-3404-48E4-A481-4B2D1FC66DBA}.Debug|Any CPU.ActiveCfg = Debug|Any CPU
		{D8E1B3DB-3404-48E4-A481-4B2D1FC66DBA}.Debug|Any CPU.Build.0 = Debug|Any CPU
		{D8E1B3DB-3404-48E4-A481-4B2D1FC66DBA}.Release|Any CPU.ActiveCfg = Release|Any CPU
		{D8E1B3DB-3404-48E4-A481-4B2D1FC66DBA}.Release|Any CPU.Build.0 = Release|Any CPU
		{0E2E8987-B831-45FF-9F46-78E1344F6F5B}.Debug|Any CPU.ActiveCfg = Debug|Any CPU
		{0E2E8987-B831-45FF-9F46-78E1344F6F5B}.Debug|Any CPU.Build.0 = Debug|Any CPU
		{0E2E8987-B831-45FF-9F46-78E1344F6F5B}.Release|Any CPU.ActiveCfg = Release|Any CPU
		{0E2E8987-B831-45FF-9F46-78E1344F6F5B}.Release|Any CPU.Build.0 = Release|Any CPU
		{C57CB4AD-CE9B-4DBB-B262-E8368E82A574}.Debug|Any CPU.ActiveCfg = Debug|Any CPU
		{C57CB4AD-CE9B-4DBB-B262-E8368E82A574}.Debug|Any CPU.Build.0 = Debug|Any CPU
		{C57CB4AD-CE9B-4DBB-B262-E8368E82A574}.Release|Any CPU.ActiveCfg = Release|Any CPU
		{C57CB4AD-CE9B-4DBB-B262-E8368E82A574}.Release|Any CPU.Build.0 = Release|Any CPU
		{37FD6FEA-5BBF-4C1B-AF33-9915563FC929}.Debug|Any CPU.ActiveCfg = Debug|Any CPU
		{37FD6FEA-5BBF-4C1B-AF33-9915563FC929}.Debug|Any CPU.Build.0 = Debug|Any CPU
		{37FD6FEA-5BBF-4C1B-AF33-9915563FC929}.Release|Any CPU.ActiveCfg = Release|Any CPU
		{37FD6FEA-5BBF-4C1B-AF33-9915563FC929}.Release|Any CPU.Build.0 = Release|Any CPU
		{60F33EE4-D0EB-490F-B91A-E39E71D5712A}.Debug|Any CPU.ActiveCfg = Debug|Any CPU
		{60F33EE4-D0EB-490F-B91A-E39E71D5712A}.Debug|Any CPU.Build.0 = Debug|Any CPU
		{60F33EE4-D0EB-490F-B91A-E39E71D5712A}.Release|Any CPU.ActiveCfg = Release|Any CPU
		{60F33EE4-D0EB-490F-B91A-E39E71D5712A}.Release|Any CPU.Build.0 = Release|Any CPU
		{E9DD3745-11BE-408C-8D84-33FC324D41C8}.Debug|Any CPU.ActiveCfg = Debug|Any CPU
		{E9DD3745-11BE-408C-8D84-33FC324D41C8}.Debug|Any CPU.Build.0 = Debug|Any CPU
		{E9DD3745-11BE-408C-8D84-33FC324D41C8}.Release|Any CPU.ActiveCfg = Release|Any CPU
		{E9DD3745-11BE-408C-8D84-33FC324D41C8}.Release|Any CPU.Build.0 = Release|Any CPU
		{9BF7CB58-14A3-41E5-9D00-9AE33A1A2E16}.Debug|Any CPU.ActiveCfg = Debug|Any CPU
		{9BF7CB58-14A3-41E5-9D00-9AE33A1A2E16}.Debug|Any CPU.Build.0 = Debug|Any CPU
		{9BF7CB58-14A3-41E5-9D00-9AE33A1A2E16}.Release|Any CPU.ActiveCfg = Release|Any CPU
		{9BF7CB58-14A3-41E5-9D00-9AE33A1A2E16}.Release|Any CPU.Build.0 = Release|Any CPU
		{51F14BC2-A908-41F5-B2F2-70486608BC30}.Debug|Any CPU.ActiveCfg = Debug|Any CPU
		{51F14BC2-A908-41F5-B2F2-70486608BC30}.Debug|Any CPU.Build.0 = Debug|Any CPU
		{51F14BC2-A908-41F5-B2F2-70486608BC30}.Release|Any CPU.ActiveCfg = Release|Any CPU
		{51F14BC2-A908-41F5-B2F2-70486608BC30}.Release|Any CPU.Build.0 = Release|Any CPU
		{476E85D0-991C-4CD6-974A-E86655129508}.Debug|Any CPU.ActiveCfg = Debug|Any CPU
		{476E85D0-991C-4CD6-974A-E86655129508}.Debug|Any CPU.Build.0 = Debug|Any CPU
		{476E85D0-991C-4CD6-974A-E86655129508}.Release|Any CPU.ActiveCfg = Release|Any CPU
		{476E85D0-991C-4CD6-974A-E86655129508}.Release|Any CPU.Build.0 = Release|Any CPU
		{F842E7C0-82DC-40A9-A8D9-5438F2D13526}.Debug|Any CPU.ActiveCfg = Debug|Any CPU
		{F842E7C0-82DC-40A9-A8D9-5438F2D13526}.Debug|Any CPU.Build.0 = Debug|Any CPU
		{F842E7C0-82DC-40A9-A8D9-5438F2D13526}.Release|Any CPU.ActiveCfg = Release|Any CPU
		{F842E7C0-82DC-40A9-A8D9-5438F2D13526}.Release|Any CPU.Build.0 = Release|Any CPU
		{B239C23D-F4BB-413E-A019-A2BA64F01F56}.Debug|Any CPU.ActiveCfg = Debug|Any CPU
		{B239C23D-F4BB-413E-A019-A2BA64F01F56}.Debug|Any CPU.Build.0 = Debug|Any CPU
		{B239C23D-F4BB-413E-A019-A2BA64F01F56}.Release|Any CPU.ActiveCfg = Release|Any CPU
		{B239C23D-F4BB-413E-A019-A2BA64F01F56}.Release|Any CPU.Build.0 = Release|Any CPU
		{D8BE7EA5-ECD1-4B77-92B9-B3B1DC4DBDD4}.Debug|Any CPU.ActiveCfg = Debug|Any CPU
		{D8BE7EA5-ECD1-4B77-92B9-B3B1DC4DBDD4}.Debug|Any CPU.Build.0 = Debug|Any CPU
		{D8BE7EA5-ECD1-4B77-92B9-B3B1DC4DBDD4}.Release|Any CPU.ActiveCfg = Release|Any CPU
		{D8BE7EA5-ECD1-4B77-92B9-B3B1DC4DBDD4}.Release|Any CPU.Build.0 = Release|Any CPU
		{36E94EAF-9525-49F0-A79C-2C369F85A81D}.Debug|Any CPU.ActiveCfg = Debug|Any CPU
		{36E94EAF-9525-49F0-A79C-2C369F85A81D}.Debug|Any CPU.Build.0 = Debug|Any CPU
		{36E94EAF-9525-49F0-A79C-2C369F85A81D}.Release|Any CPU.ActiveCfg = Release|Any CPU
		{36E94EAF-9525-49F0-A79C-2C369F85A81D}.Release|Any CPU.Build.0 = Release|Any CPU
		{F91AC726-FDF1-47B5-994B-FF21C0EDAAFD}.Debug|Any CPU.ActiveCfg = Debug|Any CPU
		{F91AC726-FDF1-47B5-994B-FF21C0EDAAFD}.Debug|Any CPU.Build.0 = Debug|Any CPU
		{F91AC726-FDF1-47B5-994B-FF21C0EDAAFD}.Release|Any CPU.ActiveCfg = Release|Any CPU
		{F91AC726-FDF1-47B5-994B-FF21C0EDAAFD}.Release|Any CPU.Build.0 = Release|Any CPU
		{DEB20CF2-BA25-4D48-8218-C11A6059F230}.Debug|Any CPU.ActiveCfg = Debug|Any CPU
		{DEB20CF2-BA25-4D48-8218-C11A6059F230}.Debug|Any CPU.Build.0 = Debug|Any CPU
		{DEB20CF2-BA25-4D48-8218-C11A6059F230}.Release|Any CPU.ActiveCfg = Release|Any CPU
		{DEB20CF2-BA25-4D48-8218-C11A6059F230}.Release|Any CPU.Build.0 = Release|Any CPU
		{B3EFBD58-AAF4-41BE-AD08-53A232715713}.Debug|Any CPU.ActiveCfg = Debug|Any CPU
		{B3EFBD58-AAF4-41BE-AD08-53A232715713}.Debug|Any CPU.Build.0 = Debug|Any CPU
		{B3EFBD58-AAF4-41BE-AD08-53A232715713}.Release|Any CPU.ActiveCfg = Release|Any CPU
		{B3EFBD58-AAF4-41BE-AD08-53A232715713}.Release|Any CPU.Build.0 = Release|Any CPU
		{AD16E1F1-25C6-4A5A-B660-6F34125C00F0}.Debug|Any CPU.ActiveCfg = Debug|Any CPU
		{AD16E1F1-25C6-4A5A-B660-6F34125C00F0}.Debug|Any CPU.Build.0 = Debug|Any CPU
		{AD16E1F1-25C6-4A5A-B660-6F34125C00F0}.Release|Any CPU.ActiveCfg = Release|Any CPU
		{AD16E1F1-25C6-4A5A-B660-6F34125C00F0}.Release|Any CPU.Build.0 = Release|Any CPU
		{04C41E6B-9181-4EC6-849C-CC60D2010F24}.Debug|Any CPU.ActiveCfg = Debug|Any CPU
		{04C41E6B-9181-4EC6-849C-CC60D2010F24}.Debug|Any CPU.Build.0 = Debug|Any CPU
		{04C41E6B-9181-4EC6-849C-CC60D2010F24}.Release|Any CPU.ActiveCfg = Release|Any CPU
		{04C41E6B-9181-4EC6-849C-CC60D2010F24}.Release|Any CPU.Build.0 = Release|Any CPU
		{710BD808-9AE3-4A7F-AEA7-5A7A3DADAEFC}.Debug|Any CPU.ActiveCfg = Debug|Any CPU
		{710BD808-9AE3-4A7F-AEA7-5A7A3DADAEFC}.Debug|Any CPU.Build.0 = Debug|Any CPU
		{710BD808-9AE3-4A7F-AEA7-5A7A3DADAEFC}.Release|Any CPU.ActiveCfg = Release|Any CPU
		{710BD808-9AE3-4A7F-AEA7-5A7A3DADAEFC}.Release|Any CPU.Build.0 = Release|Any CPU
		{8BC0F002-2061-48C6-9614-26E6CE599664}.Debug|Any CPU.ActiveCfg = Debug|Any CPU
		{8BC0F002-2061-48C6-9614-26E6CE599664}.Debug|Any CPU.Build.0 = Debug|Any CPU
		{8BC0F002-2061-48C6-9614-26E6CE599664}.Release|Any CPU.ActiveCfg = Release|Any CPU
		{8BC0F002-2061-48C6-9614-26E6CE599664}.Release|Any CPU.Build.0 = Release|Any CPU
		{F264929F-564C-48EC-B6C3-9A4A95432C18}.Debug|Any CPU.ActiveCfg = Debug|Any CPU
		{F264929F-564C-48EC-B6C3-9A4A95432C18}.Debug|Any CPU.Build.0 = Debug|Any CPU
		{F264929F-564C-48EC-B6C3-9A4A95432C18}.Release|Any CPU.ActiveCfg = Release|Any CPU
		{F264929F-564C-48EC-B6C3-9A4A95432C18}.Release|Any CPU.Build.0 = Release|Any CPU
		{FF4049CC-E1F7-4DAA-8315-1D75924848F7}.Debug|Any CPU.ActiveCfg = Debug|Any CPU
		{FF4049CC-E1F7-4DAA-8315-1D75924848F7}.Debug|Any CPU.Build.0 = Debug|Any CPU
		{FF4049CC-E1F7-4DAA-8315-1D75924848F7}.Release|Any CPU.ActiveCfg = Release|Any CPU
		{FF4049CC-E1F7-4DAA-8315-1D75924848F7}.Release|Any CPU.Build.0 = Release|Any CPU
		{237DB442-93AA-4B78-A8D3-32E1363D7792}.Debug|Any CPU.ActiveCfg = Debug|Any CPU
		{237DB442-93AA-4B78-A8D3-32E1363D7792}.Debug|Any CPU.Build.0 = Debug|Any CPU
		{237DB442-93AA-4B78-A8D3-32E1363D7792}.Release|Any CPU.ActiveCfg = Release|Any CPU
		{237DB442-93AA-4B78-A8D3-32E1363D7792}.Release|Any CPU.Build.0 = Release|Any CPU
		{1528C2A6-86FC-4E11-878D-FA949D0D384A}.Debug|Any CPU.ActiveCfg = Debug|Any CPU
		{1528C2A6-86FC-4E11-878D-FA949D0D384A}.Debug|Any CPU.Build.0 = Debug|Any CPU
		{1528C2A6-86FC-4E11-878D-FA949D0D384A}.Release|Any CPU.ActiveCfg = Release|Any CPU
		{1528C2A6-86FC-4E11-878D-FA949D0D384A}.Release|Any CPU.Build.0 = Release|Any CPU
		{547B4429-B24D-4450-AB19-E4A09C5F65B5}.Debug|Any CPU.ActiveCfg = Debug|Any CPU
		{547B4429-B24D-4450-AB19-E4A09C5F65B5}.Debug|Any CPU.Build.0 = Debug|Any CPU
		{547B4429-B24D-4450-AB19-E4A09C5F65B5}.Release|Any CPU.ActiveCfg = Release|Any CPU
		{547B4429-B24D-4450-AB19-E4A09C5F65B5}.Release|Any CPU.Build.0 = Release|Any CPU
		{C386EF02-EF02-4442-8A68-931AAE3FF71D}.Debug|Any CPU.ActiveCfg = Debug|Any CPU
		{C386EF02-EF02-4442-8A68-931AAE3FF71D}.Debug|Any CPU.Build.0 = Debug|Any CPU
		{C386EF02-EF02-4442-8A68-931AAE3FF71D}.Release|Any CPU.ActiveCfg = Release|Any CPU
		{C386EF02-EF02-4442-8A68-931AAE3FF71D}.Release|Any CPU.Build.0 = Release|Any CPU
	EndGlobalSection
	GlobalSection(SolutionProperties) = preSolution
		HideSolutionNode = FALSE
	EndGlobalSection
	GlobalSection(NestedProjects) = preSolution
		{AAF30EC8-EAFD-4E30-A066-885952C27A9D} = {D1E0EDE2-258E-41F9-AF6D-C0086A5CE236}
		{658B3434-C3B2-4234-9B98-5AF2CF009C16} = {D1E0EDE2-258E-41F9-AF6D-C0086A5CE236}
		{51AFF455-80EA-4514-B047-05D58B31C234} = {D1E0EDE2-258E-41F9-AF6D-C0086A5CE236}
		{B7D7B2CC-71E2-4869-9DE5-B151439A11EE} = {AAF30EC8-EAFD-4E30-A066-885952C27A9D}
		{F59CC549-D068-4FCA-8FE8-2839DA403C55} = {AAF30EC8-EAFD-4E30-A066-885952C27A9D}
		{77379EE5-EC3B-4836-B383-F38D8EC61249} = {AAF30EC8-EAFD-4E30-A066-885952C27A9D}
		{CBAF7AAB-14B3-4A2B-AA1C-D6B35DF49121} = {B7D7B2CC-71E2-4869-9DE5-B151439A11EE}
		{A7C24A1A-C195-44E7-B874-D8CE7A8126ED} = {B7D7B2CC-71E2-4869-9DE5-B151439A11EE}
		{23A4693E-A8CF-489A-96AA-790CAEA014F8} = {658B3434-C3B2-4234-9B98-5AF2CF009C16}
		{C67A4E14-1661-4094-A516-D34375501C41} = {51AFF455-80EA-4514-B047-05D58B31C234}
		{E3F5A2EF-7295-4359-9AC7-3CC2D9E70573} = {51AFF455-80EA-4514-B047-05D58B31C234}
		{82D41338-AE14-4231-B6BE-91B30B815377} = {C67A4E14-1661-4094-A516-D34375501C41}
		{2EA801EA-BA6C-42A7-80C4-98A48D3576A0} = {E3F5A2EF-7295-4359-9AC7-3CC2D9E70573}
		{D8E1B3DB-3404-48E4-A481-4B2D1FC66DBA} = {C2262C36-3D29-4FC3-BA06-08FC8A926FAE}
		{0E2E8987-B831-45FF-9F46-78E1344F6F5B} = {C67A4E14-1661-4094-A516-D34375501C41}
		{C57CB4AD-CE9B-4DBB-B262-E8368E82A574} = {C67A4E14-1661-4094-A516-D34375501C41}
		{37FD6FEA-5BBF-4C1B-AF33-9915563FC929} = {E3F5A2EF-7295-4359-9AC7-3CC2D9E70573}
		{60F33EE4-D0EB-490F-B91A-E39E71D5712A} = {E3F5A2EF-7295-4359-9AC7-3CC2D9E70573}
		{E9DD3745-11BE-408C-8D84-33FC324D41C8} = {E3F5A2EF-7295-4359-9AC7-3CC2D9E70573}
		{9BF7CB58-14A3-41E5-9D00-9AE33A1A2E16} = {E3F5A2EF-7295-4359-9AC7-3CC2D9E70573}
		{51F14BC2-A908-41F5-B2F2-70486608BC30} = {E3F5A2EF-7295-4359-9AC7-3CC2D9E70573}
		{476E85D0-991C-4CD6-974A-E86655129508} = {77379EE5-EC3B-4836-B383-F38D8EC61249}
		{F842E7C0-82DC-40A9-A8D9-5438F2D13526} = {77379EE5-EC3B-4836-B383-F38D8EC61249}
		{B239C23D-F4BB-413E-A019-A2BA64F01F56} = {77379EE5-EC3B-4836-B383-F38D8EC61249}
		{D8BE7EA5-ECD1-4B77-92B9-B3B1DC4DBDD4} = {77379EE5-EC3B-4836-B383-F38D8EC61249}
		{36E94EAF-9525-49F0-A79C-2C369F85A81D} = {C67A4E14-1661-4094-A516-D34375501C41}
		{06A10D4B-5A1B-4878-B4A6-C00B436DFB4E} = {51AFF455-80EA-4514-B047-05D58B31C234}
		{F91AC726-FDF1-47B5-994B-FF21C0EDAAFD} = {06A10D4B-5A1B-4878-B4A6-C00B436DFB4E}
		{DEB20CF2-BA25-4D48-8218-C11A6059F230} = {06A10D4B-5A1B-4878-B4A6-C00B436DFB4E}
		{B3EFBD58-AAF4-41BE-AD08-53A232715713} = {06A10D4B-5A1B-4878-B4A6-C00B436DFB4E}
		{AD16E1F1-25C6-4A5A-B660-6F34125C00F0} = {06A10D4B-5A1B-4878-B4A6-C00B436DFB4E}
		{04C41E6B-9181-4EC6-849C-CC60D2010F24} = {06A10D4B-5A1B-4878-B4A6-C00B436DFB4E}
		{710BD808-9AE3-4A7F-AEA7-5A7A3DADAEFC} = {06A10D4B-5A1B-4878-B4A6-C00B436DFB4E}
		{A3272108-C371-4244-87A5-E3283057341F} = {51AFF455-80EA-4514-B047-05D58B31C234}
		{8BC0F002-2061-48C6-9614-26E6CE599664} = {A3272108-C371-4244-87A5-E3283057341F}
		{F264929F-564C-48EC-B6C3-9A4A95432C18} = {A3272108-C371-4244-87A5-E3283057341F}
		{FF4049CC-E1F7-4DAA-8315-1D75924848F7} = {A3272108-C371-4244-87A5-E3283057341F}
		{237DB442-93AA-4B78-A8D3-32E1363D7792} = {A3272108-C371-4244-87A5-E3283057341F}
		{1528C2A6-86FC-4E11-878D-FA949D0D384A} = {A3272108-C371-4244-87A5-E3283057341F}
		{547B4429-B24D-4450-AB19-E4A09C5F65B5} = {A3272108-C371-4244-87A5-E3283057341F}
		{C386EF02-EF02-4442-8A68-931AAE3FF71D} = {77379EE5-EC3B-4836-B383-F38D8EC61249}
	EndGlobalSection
	GlobalSection(ExtensibilityGlobals) = postSolution
		SolutionGuid = {BB08503F-91D3-402A-B4EF-7DD99B482135}
	EndGlobalSection
EndGlobal
